{
  "name": "park",
  "version": "0.0.1",
  "lockfileVersion": 1,
  "requires": true,
  "dependencies": {
    "async-limiter": {
      "version": "1.0.0",
      "resolved": "https://registry.npmjs.org/async-limiter/-/async-limiter-1.0.0.tgz",
      "integrity": "sha512-jp/uFnooOiO+L211eZOoSyzpOITMXx1rBITauYykG3BRYPu8h0UcxsPNB04RR5vo4Tyz3+ay17tR6JVf9qzYWg=="
    },
    "asynckit": {
      "version": "0.4.0",
      "resolved": "https://registry.npmjs.org/asynckit/-/asynckit-0.4.0.tgz",
      "integrity": "sha1-x57Zf380y48robyXkLzDZkdLS3k="
    },
    "bluebird": {
      "version": "3.5.1",
      "resolved": "https://registry.npmjs.org/bluebird/-/bluebird-3.5.1.tgz",
      "integrity": "sha512-MKiLiV+I1AA596t9w1sQJ8jkiSr5+ZKi0WKrYGUn6d1Fx+Ij4tIj+m2WMQSGczs5jZVxV339chE8iwk6F64wjA=="
    },
    "combined-stream": {
      "version": "1.0.6",
      "resolved": "https://registry.npmjs.org/combined-stream/-/combined-stream-1.0.6.tgz",
      "integrity": "sha1-cj599ugBrFYTETp+RFqbactjKBg=",
      "requires": {
        "delayed-stream": "1.0.0"
      }
    },
    "delayed-stream": {
      "version": "1.0.0",
      "resolved": "https://registry.npmjs.org/delayed-stream/-/delayed-stream-1.0.0.tgz",
      "integrity": "sha1-3zrhmayt+31ECqrgsp4icrJOxhk="
    },
    "discord.js": {
      "version": "git+https://github.com/discordjs/discord.js.git#3d25277839c8cb9c1c1db2f2ed7226d266a93ed1",
      "requires": {
        "form-data": "2.3.2",
        "node-fetch": "2.1.2",
        "pako": "1.0.6",
        "prism-media": "github:hydrabolt/prism-media#ead016c69b1f341898cb264746c355b982502c62",
        "tweetnacl": "1.0.0",
        "ws": "4.1.0"
      }
    },
    "form-data": {
      "version": "2.3.2",
      "resolved": "https://registry.npmjs.org/form-data/-/form-data-2.3.2.tgz",
      "integrity": "sha1-SXBJi+YEwgwAXU9cI67NIda0kJk=",
      "requires": {
        "asynckit": "0.4.0",
        "combined-stream": "1.0.6",
        "mime-types": "2.1.18"
      }
    },
    "mime-db": {
      "version": "1.33.0",
      "resolved": "https://registry.npmjs.org/mime-db/-/mime-db-1.33.0.tgz",
      "integrity": "sha512-BHJ/EKruNIqJf/QahvxwQZXKygOQ256myeN/Ew+THcAa5q+PjyTTMMeNQC4DZw5AwfvelsUrA6B67NKMqXDbzQ=="
    },
    "mime-types": {
      "version": "2.1.18",
      "resolved": "https://registry.npmjs.org/mime-types/-/mime-types-2.1.18.tgz",
      "integrity": "sha512-lc/aahn+t4/SWV/qcmumYjymLsWfN3ELhpmVuUFjgsORruuZPVSwAQryq+HHGvO/SI2KVX26bx+En+zhM8g8hQ==",
      "requires": {
        "mime-db": "1.33.0"
      }
    },
    "node-fetch": {
      "version": "2.1.2",
      "resolved": "https://registry.npmjs.org/node-fetch/-/node-fetch-2.1.2.tgz",
      "integrity": "sha1-q4hOjn5X44qUR1POxwb3iNF2i7U="
    },
    "pako": {
      "version": "1.0.6",
      "resolved": "https://registry.npmjs.org/pako/-/pako-1.0.6.tgz",
      "integrity": "sha512-lQe48YPsMJAig+yngZ87Lus+NF+3mtu7DVOBu6b/gHO1YpKwIj5AWjZ/TOS7i46HD/UixzWb1zeWDZfGZ3iYcg=="
    },
    "prism-media": {
      "version": "github:hydrabolt/prism-media#ead016c69b1f341898cb264746c355b982502c62"
    },
    "rethinkdbdash": {
      "version": "2.3.31",
      "resolved": "https://registry.npmjs.org/rethinkdbdash/-/rethinkdbdash-2.3.31.tgz",
      "integrity": "sha512-6nXrKFjdg2Ug0YpdmPWSvyD/2EisHnFNt4FWZ74dcXGK48ievSv+cNFTmVv+KjLi6I9CCf6w4CKZ6yCYTfMfdQ==",
      "requires": {
        "bluebird": "3.5.1"
      }
    },
    "safe-buffer": {
      "version": "5.1.2",
      "resolved": "https://registry.npmjs.org/safe-buffer/-/safe-buffer-5.1.2.tgz",
      "integrity": "sha512-Gd2UZBJDkXlY7GbJxfsE8/nvKkUEU1G38c1siN6QP6a9PT9MmHB8GnpscSmMJSoF8LOIrt8ud/wPtojys4G6+g=="
    },
    "tweetnacl": {
      "version": "1.0.0",
      "resolved": "https://registry.npmjs.org/tweetnacl/-/tweetnacl-1.0.0.tgz",
      "integrity": "sha1-cT2LgY2kIGh0C/aDhtBHnmb8ins="
    },
    "ws": {
      "version": "4.1.0",
      "resolved": "https://registry.npmjs.org/ws/-/ws-4.1.0.tgz",
      "integrity": "sha512-ZGh/8kF9rrRNffkLFV4AzhvooEclrOH0xaugmqGsIfFgOE/pIz4fMc4Ef+5HSQqTEug2S9JZIWDR47duDSLfaA==",
      "requires": {
        "async-limiter": "1.0.0",
        "safe-buffer": "5.1.2"
      }
    }
  }
}
